
Microsoft Visual Studio Solution File, Format Version 12.00
# Visual Studio 2012
Project("{FAE04EC0-301F-11D3-BF4B-00C04F79EFBC}") = "CC.Common.Authenticator", "CC.Common.Authenticator\CC.Common.Authenticator.csproj", "{20A1D2ED-19F6-4596-8DF4-F516AA46FFEC}"
EndProject
Project("{FAE04EC0-301F-11D3-BF4B-00C04F79EFBC}") = "CC.Common.Authenticator.Demo", "CC.Common.Authenticator.Demo\CC.Common.Authenticator.Demo.csproj", "{9E2DC152-D52B-467D-9D6C-11D53D9C78E8}"
EndProject
Global
	GlobalSection(SolutionConfigurationPlatforms) = preSolution
		Debug|Any CPU = Debug|Any CPU
		Release|Any CPU = Release|Any CPU
	EndGlobalSection
	GlobalSection(ProjectConfigurationPlatforms) = postSolution
		{20A1D2ED-19F6-4596-8DF4-F516AA46FFEC}.Debug|Any CPU.ActiveCfg = Debug|Any CPU
		{20A1D2ED-19F6-4596-8DF4-F516AA46FFEC}.Debug|Any CPU.Build.0 = Debug|Any CPU
		{20A1D2ED-19F6-4596-8DF4-F516AA46FFEC}.Release|Any CPU.ActiveCfg = Release|Any CPU
		{20A1D2ED-19F6-4596-8DF4-F516AA46FFEC}.Release|Any CPU.Build.0 = Release|Any CPU
		{9E2DC152-D52B-467D-9D6C-11D53D9C78E8}.Debug|Any CPU.ActiveCfg = Debug|Any CPU
		{9E2DC152-D52B-467D-9D6C-11D53D9C78E8}.Debug|Any CPU.Build.0 = Debug|Any CPU
		{9E2DC152-D52B-467D-9D6C-11D53D9C78E8}.Release|Any CPU.ActiveCfg = Release|Any CPU
		{9E2DC152-D52B-467D-9D6C-11D53D9C78E8}.Release|Any CPU.Build.0 = Release|Any CPU
	EndGlobalSection
	GlobalSection(SolutionProperties) = preSolution
		HideSolutionNode = FALSE
	EndGlobalSection
EndGlobal
